
Microsoft Visual Studio Solution File, Format Version 12.00
# Visual Studio Version 17
VisualStudioVersion = 17.5.002.0
MinimumVisualStudioVersion = 10.0.40219.1
Project("{9A19103F-16F7-4668-BE54-9A1E7A4F7556}") = "näsan över E", "näsan över E.csproj", "{0A348C98-D164-47C4-9F5B-013B0F44C77F}"
EndProject
Global
	GlobalSection(SolutionConfigurationPlatforms) = preSolution
		Debug|Any CPU = Debug|Any CPU
		Release|Any CPU = Release|Any CPU
	EndGlobalSection
	GlobalSection(ProjectConfigurationPlatforms) = postSolution
		{0A348C98-D164-47C4-9F5B-013B0F44C77F}.Debug|Any CPU.ActiveCfg = Debug|Any CPU
		{0A348C98-D164-47C4-9F5B-013B0F44C77F}.Debug|Any CPU.Build.0 = Debug|Any CPU
		{0A348C98-D164-47C4-9F5B-013B0F44C77F}.Release|Any CPU.ActiveCfg = Release|Any CPU
		{0A348C98-D164-47C4-9F5B-013B0F44C77F}.Release|Any CPU.Build.0 = Release|Any CPU
	EndGlobalSection
	GlobalSection(SolutionProperties) = preSolution
		HideSolutionNode = FALSE
	EndGlobalSection
	GlobalSection(ExtensibilityGlobals) = postSolution
		SolutionGuid = {D2CC09F5-0262-42B2-A80D-F2B19EB7C4AC}
	EndGlobalSection
EndGlobal
